id: doa_average_and_save
label: Average and Save
category: '[doa]'

templates:
  imports: from gnuradio import doa
  make: doa.average_and_save(${samples_to_average}, ${num_inputs}, ${config_filename})

parameters:
- id: num_inputs
  label: Num Inputs
  dtype: int
- id: samples_to_average
  label: Samples To Average
  dtype: int
- id: config_filename
  label: Config File
  dtype: file_save
  default: /tmp/phases.cfg

inputs:
- label: in
  domain: stream
  dtype: float
  multiplicity: ${ num_inputs }

documentation: |-
  This block averages a certain number of samples from each input stream and stores the result in a config file. 
  
  Args:
    samples_to_average: Number of samples used from each stream to compute the average value.
    num_inputs: Number of inputs to the block.
    config_filename: Config file which stores the result.

file_format: 1

#  'file_format' specifies the version of the GRC yml format used in the file
#  and should usually not be changed.
file_format: 1
